
Microsoft Visual Studio Solution File, Format Version 12.00
# Visual Studio Version 17
VisualStudioVersion = 17.3.32819.101
MinimumVisualStudioVersion = 10.0.40219.1
Project("{FAE04EC0-301F-11D3-BF4B-00C04F79EFBC}") = "Projeto-Aula-201", "Projeto-Aula-201.csproj", "{70998B63-933C-4349-A769-3E08A8D0E3E0}"
EndProject
Global
	GlobalSection(SolutionConfigurationPlatforms) = preSolution
		Debug|Any CPU = Debug|Any CPU
		Release|Any CPU = Release|Any CPU
	EndGlobalSection
	GlobalSection(ProjectConfigurationPlatforms) = postSolution
		{70998B63-933C-4349-A769-3E08A8D0E3E0}.Debug|Any CPU.ActiveCfg = Debug|Any CPU
		{70998B63-933C-4349-A769-3E08A8D0E3E0}.Debug|Any CPU.Build.0 = Debug|Any CPU
		{70998B63-933C-4349-A769-3E08A8D0E3E0}.Release|Any CPU.ActiveCfg = Release|Any CPU
		{70998B63-933C-4349-A769-3E08A8D0E3E0}.Release|Any CPU.Build.0 = Release|Any CPU
	EndGlobalSection
	GlobalSection(SolutionProperties) = preSolution
		HideSolutionNode = FALSE
	EndGlobalSection
	GlobalSection(ExtensibilityGlobals) = postSolution
		SolutionGuid = {EB21120F-2C4A-4887-8930-0A0E27A1C8A6}
	EndGlobalSection
EndGlobal
